
Microsoft Visual Studio Solution File, Format Version 12.00
# Visual Studio Version 16
VisualStudioVersion = 16.0.30621.155
MinimumVisualStudioVersion = 10.0.40219.1
Project("{2150E333-8FDC-42A3-9474-1A3956D46DE8}") = "Application", "Application", "{3DA26435-A287-41B4-B697-44D84844E470}"
EndProject
Project("{2150E333-8FDC-42A3-9474-1A3956D46DE8}") = "Core", "Core", "{212791D1-7E24-43E4-BD0A-9614EB3C99B8}"
EndProject
Project("{9A19103F-16F7-4668-BE54-9A1E7A4F7556}") = "OnlineShop.Web", "OnlineShop.Web\OnlineShop.Web.csproj", "{69BF17AB-C512-49D0-BDD7-A1CD936894CF}"
EndProject
Project("{9A19103F-16F7-4668-BE54-9A1E7A4F7556}") = "OnlineShop.Domain", "OnlineShop.Domain\OnlineShop.Domain.csproj", "{EF1EF2FB-0797-4AE7-A47C-1FC1FA211021}"
EndProject
Project("{9A19103F-16F7-4668-BE54-9A1E7A4F7556}") = "OnlineShop.Repository", "OnlineShop.Repository\OnlineShop.Repository.csproj", "{54351573-B6E8-4625-B315-F8D51F8DD2B4}"
EndProject
Project("{2150E333-8FDC-42A3-9474-1A3956D46DE8}") = "Extensions", "Extensions", "{3ACA8D06-B43D-46F5-BCAB-DDD81C965AFC}"
EndProject
Project("{FAE04EC0-301F-11D3-BF4B-00C04F79EFBC}") = "OnlineShop.Extensions", "OnlineShop.Extensions\OnlineShop.Extensions.csproj", "{7E4183E0-31CA-4204-AECF-CB62E2DD8745}"
EndProject
Global
	GlobalSection(SolutionConfigurationPlatforms) = preSolution
		Debug|Any CPU = Debug|Any CPU
		Release|Any CPU = Release|Any CPU
	EndGlobalSection
	GlobalSection(ProjectConfigurationPlatforms) = postSolution
		{69BF17AB-C512-49D0-BDD7-A1CD936894CF}.Debug|Any CPU.ActiveCfg = Debug|Any CPU
		{69BF17AB-C512-49D0-BDD7-A1CD936894CF}.Debug|Any CPU.Build.0 = Debug|Any CPU
		{69BF17AB-C512-49D0-BDD7-A1CD936894CF}.Release|Any CPU.ActiveCfg = Release|Any CPU
		{69BF17AB-C512-49D0-BDD7-A1CD936894CF}.Release|Any CPU.Build.0 = Release|Any CPU
		{EF1EF2FB-0797-4AE7-A47C-1FC1FA211021}.Debug|Any CPU.ActiveCfg = Debug|Any CPU
		{EF1EF2FB-0797-4AE7-A47C-1FC1FA211021}.Debug|Any CPU.Build.0 = Debug|Any CPU
		{EF1EF2FB-0797-4AE7-A47C-1FC1FA211021}.Release|Any CPU.ActiveCfg = Release|Any CPU
		{EF1EF2FB-0797-4AE7-A47C-1FC1FA211021}.Release|Any CPU.Build.0 = Release|Any CPU
		{54351573-B6E8-4625-B315-F8D51F8DD2B4}.Debug|Any CPU.ActiveCfg = Debug|Any CPU
		{54351573-B6E8-4625-B315-F8D51F8DD2B4}.Debug|Any CPU.Build.0 = Debug|Any CPU
		{54351573-B6E8-4625-B315-F8D51F8DD2B4}.Release|Any CPU.ActiveCfg = Release|Any CPU
		{54351573-B6E8-4625-B315-F8D51F8DD2B4}.Release|Any CPU.Build.0 = Release|Any CPU
		{7E4183E0-31CA-4204-AECF-CB62E2DD8745}.Debug|Any CPU.ActiveCfg = Debug|Any CPU
		{7E4183E0-31CA-4204-AECF-CB62E2DD8745}.Debug|Any CPU.Build.0 = Debug|Any CPU
		{7E4183E0-31CA-4204-AECF-CB62E2DD8745}.Release|Any CPU.ActiveCfg = Release|Any CPU
		{7E4183E0-31CA-4204-AECF-CB62E2DD8745}.Release|Any CPU.Build.0 = Release|Any CPU
	EndGlobalSection
	GlobalSection(SolutionProperties) = preSolution
		HideSolutionNode = FALSE
	EndGlobalSection
	GlobalSection(NestedProjects) = preSolution
		{69BF17AB-C512-49D0-BDD7-A1CD936894CF} = {3DA26435-A287-41B4-B697-44D84844E470}
		{EF1EF2FB-0797-4AE7-A47C-1FC1FA211021} = {212791D1-7E24-43E4-BD0A-9614EB3C99B8}
		{54351573-B6E8-4625-B315-F8D51F8DD2B4} = {212791D1-7E24-43E4-BD0A-9614EB3C99B8}
		{7E4183E0-31CA-4204-AECF-CB62E2DD8745} = {3ACA8D06-B43D-46F5-BCAB-DDD81C965AFC}
	EndGlobalSection
	GlobalSection(ExtensibilityGlobals) = postSolution
		SolutionGuid = {BA1E390D-FE4C-49DE-A75C-88D1C62C554F}
	EndGlobalSection
EndGlobal
